
Microsoft Visual Studio Solution File, Format Version 12.00
# Visual Studio Version 16
VisualStudioVersion = 16.0.28729.10
MinimumVisualStudioVersion = 10.0.40219.1
Project("{FAE04EC0-301F-11D3-BF4B-00C04F79EFBC}") = "PropertiesC", "PropertiesC\PropertiesC.csproj", "{D88524D4-D2D5-4E39-99BE-74EEB990EEEC}"
EndProject
Global
	GlobalSection(SolutionConfigurationPlatforms) = preSolution
		Debug|Any CPU = Debug|Any CPU
		Release|Any CPU = Release|Any CPU
	EndGlobalSection
	GlobalSection(ProjectConfigurationPlatforms) = postSolution
		{D88524D4-D2D5-4E39-99BE-74EEB990EEEC}.Debug|Any CPU.ActiveCfg = Debug|Any CPU
		{D88524D4-D2D5-4E39-99BE-74EEB990EEEC}.Debug|Any CPU.Build.0 = Debug|Any CPU
		{D88524D4-D2D5-4E39-99BE-74EEB990EEEC}.Release|Any CPU.ActiveCfg = Release|Any CPU
		{D88524D4-D2D5-4E39-99BE-74EEB990EEEC}.Release|Any CPU.Build.0 = Release|Any CPU
	EndGlobalSection
	GlobalSection(SolutionProperties) = preSolution
		HideSolutionNode = FALSE
	EndGlobalSection
	GlobalSection(ExtensibilityGlobals) = postSolution
		SolutionGuid = {5150EADD-A6FB-4DF9-94AD-417DF2595454}
	EndGlobalSection
EndGlobal
